github.com/hugomods/icons/vendors/bootstrap v0.5.7 h1:k2oXx7EOqiqPv9SRb2mtSiPtdWMQUFhtwE3kd0+5QK4=
github.com/hugomods/icons/vendors/bootstrap v0.5.7/go.mod h1:bTxiIPJ/idHEc35EtvtwSODLpjI+R54BkGdikO3gCmY=
github.com/hugomods/icons/vendors/font-awesome v0.6.8 h1:wcqovckhWxcYTkOn4JOp2HljVmus+59AwDP9cAYWiMg=
github.com/hugomods/icons/vendors/font-awesome v0.6.8/go.mod h1:IwJEJX8eFwDFCcxMjFBIgVWlPTf16yFVk78Rc3RUBjs=
