github.com/hugomods/icons v0.6.6 h1:gGlafcBDRP7sSID+tgLcWdog+s/QBj8DIfU+h9tZj1U=
github.com/hugomods/icons v0.6.6/go.mod h1:cIkSvK6W0q6N4U6n9KGz+QfRWQXAW0INd+1P31gPNGg=
github.com/hugomods/icons/vendors/bootstrap v0.5.7 h1:k2oXx7EOqiqPv9SRb2mtSiPtdWMQUFhtwE3kd0+5QK4=
github.com/hugomods/icons/vendors/bootstrap v0.5.7/go.mod h1:bTxiIPJ/idHEc35EtvtwSODLpjI+R54BkGdikO3gCmY=
github.com/hugomods/icons/vendors/font-awesome v0.6.8 h1:wcqovckhWxcYTkOn4JOp2HljVmus+59AwDP9cAYWiMg=
github.com/hugomods/icons/vendors/font-awesome v0.6.8/go.mod h1:IwJEJX8eFwDFCcxMjFBIgVWlPTf16yFVk78Rc3RUBjs=
github.com/hugomods/icons/vendors/mdi v0.3.8 h1:Tw4DooGpAHK2Lk+r6UnuWC/NesGPdR0x0U1Ullu2Og8=
github.com/hugomods/icons/vendors/mdi v0.3.8/go.mod h1:UzARXfBJorEKYC9o+Ap6rsKSiI+UFkNWJjKn+DR2tpA=
github.com/ppdms/gallerydeluxe v0.0.0-20260623223156-3fd5430833fe h1:Wt/TrFbe66ALTxlktQiU5O2PvdULTGie0T2cnHDw/Vw=
github.com/ppdms/gallerydeluxe v0.0.0-20260623223156-3fd5430833fe/go.mod h1:Tll0Ydh9Dl8t02ascuxBKcZLJF12F3/BTCWTsanZyhQ=
github.com/ppdms/gallerydeluxe v0.0.0-20260704205433-92643eda8829 h1:TRPgMvwO8tB6dAY/ZTuXvDWnOzGQDC4Cq8KS8i08y/E=
github.com/ppdms/gallerydeluxe v0.0.0-20260704205433-92643eda8829/go.mod h1:Tll0Ydh9Dl8t02ascuxBKcZLJF12F3/BTCWTsanZyhQ=
github.com/ppdms/gallerydeluxe v0.0.0-20260704210747-42840878aa1e h1:nU9M+XC/eCv2Vg6ktP/JHtoTsMLyMbxoVL2AtkWWHDc=
github.com/ppdms/gallerydeluxe v0.0.0-20260704210747-42840878aa1e/go.mod h1:Tll0Ydh9Dl8t02ascuxBKcZLJF12F3/BTCWTsanZyhQ=
